
Microsoft Visual Studio Solution File, Format Version 12.00
# Visual Studio 15
VisualStudioVersion = 15.0.28010.2026
MinimumVisualStudioVersion = 10.0.40219.1
Project("{FAE04EC0-301F-11D3-BF4B-00C04F79EFBC}") = "Memory", "Memory\Memory.csproj", "{E7271918-6411-444F-AF2C-4FA08FDF5644}"
EndProject
Global
	GlobalSection(SolutionConfigurationPlatforms) = preSolution
		Debug|Any CPU = Debug|Any CPU
		Release|Any CPU = Release|Any CPU
	EndGlobalSection
	GlobalSection(ProjectConfigurationPlatforms) = postSolution
		{E7271918-6411-444F-AF2C-4FA08FDF5644}.Debug|Any CPU.ActiveCfg = Debug|Any CPU
		{E7271918-6411-444F-AF2C-4FA08FDF5644}.Debug|Any CPU.Build.0 = Debug|Any CPU
		{E7271918-6411-444F-AF2C-4FA08FDF5644}.Release|Any CPU.ActiveCfg = Release|Any CPU
		{E7271918-6411-444F-AF2C-4FA08FDF5644}.Release|Any CPU.Build.0 = Release|Any CPU
	EndGlobalSection
	GlobalSection(SolutionProperties) = preSolution
		HideSolutionNode = FALSE
	EndGlobalSection
	GlobalSection(ExtensibilityGlobals) = postSolution
		SolutionGuid = {4ED39D9D-0EF6-4352-8ED1-6DC5E5BDC51C}
	EndGlobalSection
EndGlobal
